
Microsoft Visual Studio Solution File, Format Version 12.00
# Visual Studio Version 17
VisualStudioVersion = 17.14.36401.2
MinimumVisualStudioVersion = 10.0.40219.1
Project("{FAE04EC0-301F-11D3-BF4B-00C04F79EFBC}") = "Lab02TXTADO", "Lab02TXTADO\Lab02TXTADO.csproj", "{17D39A54-C11A-47FF-803D-C46BB4EDCB62}"
EndProject
Project("{2150E333-8FDC-42A3-9474-1A3956D46DE8}") = "Solution Items", "Solution Items", "{02EA681E-C7D8-13C7-8484-4AC65E1B71E8}"
	ProjectSection(SolutionItems) = preProject
		.editorconfig = .editorconfig
	EndProjectSection
EndProject
Global
	GlobalSection(SolutionConfigurationPlatforms) = preSolution
		Debug|Any CPU = Debug|Any CPU
		Release|Any CPU = Release|Any CPU
	EndGlobalSection
	GlobalSection(ProjectConfigurationPlatforms) = postSolution
		{17D39A54-C11A-47FF-803D-C46BB4EDCB62}.Debug|Any CPU.ActiveCfg = Debug|Any CPU
		{17D39A54-C11A-47FF-803D-C46BB4EDCB62}.Debug|Any CPU.Build.0 = Debug|Any CPU
		{17D39A54-C11A-47FF-803D-C46BB4EDCB62}.Release|Any CPU.ActiveCfg = Release|Any CPU
		{17D39A54-C11A-47FF-803D-C46BB4EDCB62}.Release|Any CPU.Build.0 = Release|Any CPU
	EndGlobalSection
	GlobalSection(SolutionProperties) = preSolution
		HideSolutionNode = FALSE
	EndGlobalSection
	GlobalSection(ExtensibilityGlobals) = postSolution
		SolutionGuid = {E25ABB04-9FB2-4B76-B136-73F194B644B6}
	EndGlobalSection
EndGlobal
