
Microsoft Visual Studio Solution File, Format Version 12.00
# Visual Studio Version 17
VisualStudioVersion = 17.13.35931.197 d17.13
MinimumVisualStudioVersion = 10.0.40219.1
Project("{FAE04EC0-301F-11D3-BF4B-00C04F79EFBC}") = "ProgresoAsincronico", "ProgresoAsincronico\ProgresoAsincronico.csproj", "{D04BD68D-00F5-482C-8C10-89E3D796E6C9}"
EndProject
Global
	GlobalSection(SolutionConfigurationPlatforms) = preSolution
		Debug|Any CPU = Debug|Any CPU
		Release|Any CPU = Release|Any CPU
	EndGlobalSection
	GlobalSection(ProjectConfigurationPlatforms) = postSolution
		{D04BD68D-00F5-482C-8C10-89E3D796E6C9}.Debug|Any CPU.ActiveCfg = Debug|Any CPU
		{D04BD68D-00F5-482C-8C10-89E3D796E6C9}.Debug|Any CPU.Build.0 = Debug|Any CPU
		{D04BD68D-00F5-482C-8C10-89E3D796E6C9}.Release|Any CPU.ActiveCfg = Release|Any CPU
		{D04BD68D-00F5-482C-8C10-89E3D796E6C9}.Release|Any CPU.Build.0 = Release|Any CPU
	EndGlobalSection
	GlobalSection(SolutionProperties) = preSolution
		HideSolutionNode = FALSE
	EndGlobalSection
	GlobalSection(ExtensibilityGlobals) = postSolution
		SolutionGuid = {DF062C7A-D34A-4C7B-B80F-3735537AA14C}
	EndGlobalSection
EndGlobal
