
Microsoft Visual Studio Solution File, Format Version 12.00
# Visual Studio Version 17
VisualStudioVersion = 17.13.35931.197
MinimumVisualStudioVersion = 10.0.40219.1
Project("{FAE04EC0-301F-11D3-BF4B-00C04F79EFBC}") = "Juego", "Juego\Juego.csproj", "{4D7454AD-EDC3-4454-8692-DCF78594EE3A}"
EndProject
Global
	GlobalSection(SolutionConfigurationPlatforms) = preSolution
		Debug|Any CPU = Debug|Any CPU
		Release|Any CPU = Release|Any CPU
	EndGlobalSection
	GlobalSection(ProjectConfigurationPlatforms) = postSolution
		{4D7454AD-EDC3-4454-8692-DCF78594EE3A}.Debug|Any CPU.ActiveCfg = Debug|Any CPU
		{4D7454AD-EDC3-4454-8692-DCF78594EE3A}.Debug|Any CPU.Build.0 = Debug|Any CPU
		{4D7454AD-EDC3-4454-8692-DCF78594EE3A}.Release|Any CPU.ActiveCfg = Release|Any CPU
		{4D7454AD-EDC3-4454-8692-DCF78594EE3A}.Release|Any CPU.Build.0 = Release|Any CPU
	EndGlobalSection
	GlobalSection(SolutionProperties) = preSolution
		HideSolutionNode = FALSE
	EndGlobalSection
	GlobalSection(ExtensibilityGlobals) = postSolution
		SolutionGuid = {A52549E5-775F-4B1A-BC60-45E965FF6374}
	EndGlobalSection
EndGlobal
