
Microsoft Visual Studio Solution File, Format Version 12.00
# Visual Studio Version 17
VisualStudioVersion = 17.13.35913.81 d17.13
MinimumVisualStudioVersion = 10.0.40219.1
Project("{FAE04EC0-301F-11D3-BF4B-00C04F79EFBC}") = "LabClases2", "LabClases2\LabClases2.csproj", "{A4697840-BFBF-434E-9230-CA11EB0CA83E}"
EndProject
Project("{FAE04EC0-301F-11D3-BF4B-00C04F79EFBC}") = "Clases", "Clases\Clases.csproj", "{1FACA008-5161-4B7D-86C1-6CF61C9CD1D1}"
EndProject
Global
	GlobalSection(SolutionConfigurationPlatforms) = preSolution
		Debug|Any CPU = Debug|Any CPU
		Release|Any CPU = Release|Any CPU
	EndGlobalSection
	GlobalSection(ProjectConfigurationPlatforms) = postSolution
		{A4697840-BFBF-434E-9230-CA11EB0CA83E}.Debug|Any CPU.ActiveCfg = Debug|Any CPU
		{A4697840-BFBF-434E-9230-CA11EB0CA83E}.Debug|Any CPU.Build.0 = Debug|Any CPU
		{A4697840-BFBF-434E-9230-CA11EB0CA83E}.Release|Any CPU.ActiveCfg = Release|Any CPU
		{A4697840-BFBF-434E-9230-CA11EB0CA83E}.Release|Any CPU.Build.0 = Release|Any CPU
		{1FACA008-5161-4B7D-86C1-6CF61C9CD1D1}.Debug|Any CPU.ActiveCfg = Debug|Any CPU
		{1FACA008-5161-4B7D-86C1-6CF61C9CD1D1}.Debug|Any CPU.Build.0 = Debug|Any CPU
		{1FACA008-5161-4B7D-86C1-6CF61C9CD1D1}.Release|Any CPU.ActiveCfg = Release|Any CPU
		{1FACA008-5161-4B7D-86C1-6CF61C9CD1D1}.Release|Any CPU.Build.0 = Release|Any CPU
	EndGlobalSection
	GlobalSection(SolutionProperties) = preSolution
		HideSolutionNode = FALSE
	EndGlobalSection
	GlobalSection(ExtensibilityGlobals) = postSolution
		SolutionGuid = {B1FD284B-45E3-4FDD-9084-7675C92D297F}
	EndGlobalSection
EndGlobal
